
Microsoft Visual Studio Solution File, Format Version 12.00
# Visual Studio Version 17
VisualStudioVersion = 17.9.34728.123
MinimumVisualStudioVersion = 10.0.40219.1
Project("{2150E333-8FDC-42A3-9474-1A3956D46DE8}") = "src", "src", "{3C4A2FE2-0BC7-4639-8A5F-2D0EA931A4FF}"
EndProject
Project("{2150E333-8FDC-42A3-9474-1A3956D46DE8}") = "UserManagement", "UserManagement", "{832A7798-72D2-4182-ABE0-610339FFF1D1}"
EndProject
Project("{FAE04EC0-301F-11D3-BF4B-00C04F79EFBC}") = "UserManagement.API", "UserManagement.API\UserManagement.API.csproj", "{D027272D-21BE-4DC6-B1B1-97E22E43C661}"
EndProject
Project("{FAE04EC0-301F-11D3-BF4B-00C04F79EFBC}") = "UserManagement.Domain", "UserManagement.Domain\UserManagement.Domain.csproj", "{3A597799-5F69-476E-AFBE-97C309D99B15}"
EndProject
Project("{FAE04EC0-301F-11D3-BF4B-00C04F79EFBC}") = "UserManagement.Application", "UserManagement.Application\UserManagement.Application.csproj", "{2ECEAD1A-598B-47E0-BA56-FE35C15742EF}"
EndProject
Project("{FAE04EC0-301F-11D3-BF4B-00C04F79EFBC}") = "UserManagement.Infrastructure", "UserManagement.Infrastructure\UserManagement.Infrastructure.csproj", "{A3450E09-B00D-4177-B0B7-A19108A6019C}"
EndProject
Project("{2150E333-8FDC-42A3-9474-1A3956D46DE8}") = "SharedKernel", "SharedKernel", "{97FB0AE8-13CF-4209-A69E-4C48013BA6B8}"
EndProject
Project("{FAE04EC0-301F-11D3-BF4B-00C04F79EFBC}") = "SharedKernel", "SharedKernel\SharedKernel.csproj", "{8DB37F5C-9228-43E4-A5D8-F3F5CB9A2C2A}"
EndProject
Project("{2150E333-8FDC-42A3-9474-1A3956D46DE8}") = "Tests", "Tests", "{6F1967F1-4542-4838-82CB-E64D3037BA1D}"
EndProject
Project("{FAE04EC0-301F-11D3-BF4B-00C04F79EFBC}") = "UserManagementTest", "UserManagementTest\UserManagementTest.csproj", "{1D17E311-6641-4D17-9EAD-BD7847F1DBC7}"
EndProject
Project("{2150E333-8FDC-42A3-9474-1A3956D46DE8}") = "Merchant", "Merchant", "{E9D8E678-CE0F-4C27-8BF7-7E06F2A59D18}"
EndProject
Project("{FAE04EC0-301F-11D3-BF4B-00C04F79EFBC}") = "Merchant.API", "Merchant.API\Merchant.API.csproj", "{1ADF9823-E05A-49FE-BF5E-68E296AE9B20}"
EndProject
Project("{FAE04EC0-301F-11D3-BF4B-00C04F79EFBC}") = "Merchant.Domain", "Merchant.Domain\Merchant.Domain.csproj", "{1679D437-C084-42FE-9985-FDDF1AB609F2}"
EndProject
Project("{FAE04EC0-301F-11D3-BF4B-00C04F79EFBC}") = "Merchant.Application", "Merchant.Application\Merchant.Application.csproj", "{196584CC-5EC9-47EF-B6D4-9E5A179E8044}"
EndProject
Project("{FAE04EC0-301F-11D3-BF4B-00C04F79EFBC}") = "Merchant.Infrastructure", "Merchant.Infrastructure\Merchant.Infrastructure.csproj", "{1DDAAA55-9457-403A-A8CE-5BC00AD4E27A}"
EndProject
Project("{2150E333-8FDC-42A3-9474-1A3956D46DE8}") = "Partner", "Partner", "{867315F7-1128-41BC-9857-12E7BA006D29}"
EndProject
Project("{FAE04EC0-301F-11D3-BF4B-00C04F79EFBC}") = "Partner.Domain", "Partner.Domain\Partner.Domain.csproj", "{58E51166-0FB8-435B-AC0B-C50D8D35C67E}"
EndProject
Project("{FAE04EC0-301F-11D3-BF4B-00C04F79EFBC}") = "Partner.Application", "Partner.Application\Partner.Application.csproj", "{56A8C758-DF6E-491A-AC6D-04B65BC40BCC}"
EndProject
Project("{FAE04EC0-301F-11D3-BF4B-00C04F79EFBC}") = "Partner.Infrastructure", "Partner.Infrastructure\Partner.Infrastructure.csproj", "{85777C50-0670-4D2B-8230-271B2EBF2200}"
EndProject
Project("{FAE04EC0-301F-11D3-BF4B-00C04F79EFBC}") = "Infrastructure.API", "Infrastructure.API\Infrastructure.API.csproj", "{C40748D7-6E13-4A3A-B580-9F4DED1E205B}"
EndProject
Project("{2150E333-8FDC-42A3-9474-1A3956D46DE8}") = "Analytics", "Analytics", "{B2E48AC6-05B7-42F2-98DE-05346C5CA901}"
EndProject
Project("{FAE04EC0-301F-11D3-BF4B-00C04F79EFBC}") = "Analytics.API", "Analytics.API\Analytics.API.csproj", "{8BAFA9B0-6446-4C78-86CD-E469175071A0}"
EndProject
Project("{FAE04EC0-301F-11D3-BF4B-00C04F79EFBC}") = "Analytics.Domain", "Analytics.Domain\Analytics.Domain.csproj", "{3919E348-04BA-4296-ADD8-250800EA3298}"
EndProject
Project("{FAE04EC0-301F-11D3-BF4B-00C04F79EFBC}") = "Analytics.Infrastructure", "Analytics.Infrastructure\Analytics.Infrastructure.csproj", "{ED9CAC4F-1131-4D8B-A2B2-287D1554D04A}"
EndProject
Project("{FAE04EC0-301F-11D3-BF4B-00C04F79EFBC}") = "Analytics.Application", "Analytics.Application\Analytics.Application.csproj", "{C66CAABE-3FFA-49A2-9348-2FDE5640C535}"
EndProject
Project("{FAE04EC0-301F-11D3-BF4B-00C04F79EFBC}") = "Payment.Application", "Payment.Application\Payment.Application.csproj", "{F3D0100F-C15F-42EB-B1DB-A8B4DC496216}"
EndProject
Project("{2150E333-8FDC-42A3-9474-1A3956D46DE8}") = "Payment", "Payment", "{A6B0A5BA-C281-475C-9FC6-0CDD89D066C5}"
EndProject
Project("{FAE04EC0-301F-11D3-BF4B-00C04F79EFBC}") = "Payment.Domain", "Payment.Domain\Payment.Domain.csproj", "{281993E7-6CE3-42A5-B675-0EA41CAE4FD8}"
EndProject
Project("{FAE04EC0-301F-11D3-BF4B-00C04F79EFBC}") = "Payment.Infrastructure", "Payment.Infrastructure\Payment.Infrastructure.csproj", "{5A553DD1-DDFC-4FDC-B7D8-B79849C1C2AD}"
EndProject
Project("{FAE04EC0-301F-11D3-BF4B-00C04F79EFBC}") = "Payment.API", "Payment.API\Payment.API.csproj", "{58497156-A4F0-41F9-8C83-57985439FCC1}"
EndProject
Project("{2150E333-8FDC-42A3-9474-1A3956D46DE8}") = "Payout", "Payout", "{7ACB48CD-A30E-4D16-8065-AC6B8218B7D1}"
EndProject
Project("{FAE04EC0-301F-11D3-BF4B-00C04F79EFBC}") = "Payout.API", "Payout.API\Payout.API.csproj", "{E34A570F-AED0-49C4-9735-9A4CC2771A5E}"
EndProject
Project("{FAE04EC0-301F-11D3-BF4B-00C04F79EFBC}") = "Payout.Domain", "Payout.Domain\Payout.Domain.csproj", "{0373C17C-FA3E-4DBA-81DE-3E412BC1C4F4}"
EndProject
Project("{FAE04EC0-301F-11D3-BF4B-00C04F79EFBC}") = "Payout.Application", "Payout.Application\Payout.Application.csproj", "{099D1FA0-B64F-4B9B-A49D-92B44DA993B0}"
EndProject
Project("{FAE04EC0-301F-11D3-BF4B-00C04F79EFBC}") = "Payout.Infrastructure", "Payout.Infrastructure\Payout.Infrastructure.csproj", "{82332D72-C474-488B-91A6-E3D5FDAEB00E}"
EndProject
Global
	GlobalSection(SolutionConfigurationPlatforms) = preSolution
		Debug|Any CPU = Debug|Any CPU
		Release|Any CPU = Release|Any CPU
	EndGlobalSection
	GlobalSection(ProjectConfigurationPlatforms) = postSolution
		{D027272D-21BE-4DC6-B1B1-97E22E43C661}.Debug|Any CPU.ActiveCfg = Debug|Any CPU
		{D027272D-21BE-4DC6-B1B1-97E22E43C661}.Debug|Any CPU.Build.0 = Debug|Any CPU
		{D027272D-21BE-4DC6-B1B1-97E22E43C661}.Release|Any CPU.ActiveCfg = Release|Any CPU
		{D027272D-21BE-4DC6-B1B1-97E22E43C661}.Release|Any CPU.Build.0 = Release|Any CPU
		{3A597799-5F69-476E-AFBE-97C309D99B15}.Debug|Any CPU.ActiveCfg = Debug|Any CPU
		{3A597799-5F69-476E-AFBE-97C309D99B15}.Debug|Any CPU.Build.0 = Debug|Any CPU
		{3A597799-5F69-476E-AFBE-97C309D99B15}.Release|Any CPU.ActiveCfg = Release|Any CPU
		{3A597799-5F69-476E-AFBE-97C309D99B15}.Release|Any CPU.Build.0 = Release|Any CPU
		{2ECEAD1A-598B-47E0-BA56-FE35C15742EF}.Debug|Any CPU.ActiveCfg = Debug|Any CPU
		{2ECEAD1A-598B-47E0-BA56-FE35C15742EF}.Debug|Any CPU.Build.0 = Debug|Any CPU
		{2ECEAD1A-598B-47E0-BA56-FE35C15742EF}.Release|Any CPU.ActiveCfg = Release|Any CPU
		{2ECEAD1A-598B-47E0-BA56-FE35C15742EF}.Release|Any CPU.Build.0 = Release|Any CPU
		{A3450E09-B00D-4177-B0B7-A19108A6019C}.Debug|Any CPU.ActiveCfg = Debug|Any CPU
		{A3450E09-B00D-4177-B0B7-A19108A6019C}.Debug|Any CPU.Build.0 = Debug|Any CPU
		{A3450E09-B00D-4177-B0B7-A19108A6019C}.Release|Any CPU.ActiveCfg = Release|Any CPU
		{A3450E09-B00D-4177-B0B7-A19108A6019C}.Release|Any CPU.Build.0 = Release|Any CPU
		{8DB37F5C-9228-43E4-A5D8-F3F5CB9A2C2A}.Debug|Any CPU.ActiveCfg = Debug|Any CPU
		{8DB37F5C-9228-43E4-A5D8-F3F5CB9A2C2A}.Debug|Any CPU.Build.0 = Debug|Any CPU
		{8DB37F5C-9228-43E4-A5D8-F3F5CB9A2C2A}.Release|Any CPU.ActiveCfg = Release|Any CPU
		{8DB37F5C-9228-43E4-A5D8-F3F5CB9A2C2A}.Release|Any CPU.Build.0 = Release|Any CPU
		{1D17E311-6641-4D17-9EAD-BD7847F1DBC7}.Debug|Any CPU.ActiveCfg = Debug|Any CPU
		{1D17E311-6641-4D17-9EAD-BD7847F1DBC7}.Debug|Any CPU.Build.0 = Debug|Any CPU
		{1D17E311-6641-4D17-9EAD-BD7847F1DBC7}.Release|Any CPU.ActiveCfg = Release|Any CPU
		{1D17E311-6641-4D17-9EAD-BD7847F1DBC7}.Release|Any CPU.Build.0 = Release|Any CPU
		{1ADF9823-E05A-49FE-BF5E-68E296AE9B20}.Debug|Any CPU.ActiveCfg = Debug|Any CPU
		{1ADF9823-E05A-49FE-BF5E-68E296AE9B20}.Debug|Any CPU.Build.0 = Debug|Any CPU
		{1ADF9823-E05A-49FE-BF5E-68E296AE9B20}.Release|Any CPU.ActiveCfg = Release|Any CPU
		{1ADF9823-E05A-49FE-BF5E-68E296AE9B20}.Release|Any CPU.Build.0 = Release|Any CPU
		{1679D437-C084-42FE-9985-FDDF1AB609F2}.Debug|Any CPU.ActiveCfg = Debug|Any CPU
		{1679D437-C084-42FE-9985-FDDF1AB609F2}.Debug|Any CPU.Build.0 = Debug|Any CPU
		{1679D437-C084-42FE-9985-FDDF1AB609F2}.Release|Any CPU.ActiveCfg = Release|Any CPU
		{1679D437-C084-42FE-9985-FDDF1AB609F2}.Release|Any CPU.Build.0 = Release|Any CPU
		{196584CC-5EC9-47EF-B6D4-9E5A179E8044}.Debug|Any CPU.ActiveCfg = Debug|Any CPU
		{196584CC-5EC9-47EF-B6D4-9E5A179E8044}.Debug|Any CPU.Build.0 = Debug|Any CPU
		{196584CC-5EC9-47EF-B6D4-9E5A179E8044}.Release|Any CPU.ActiveCfg = Release|Any CPU
		{196584CC-5EC9-47EF-B6D4-9E5A179E8044}.Release|Any CPU.Build.0 = Release|Any CPU
		{1DDAAA55-9457-403A-A8CE-5BC00AD4E27A}.Debug|Any CPU.ActiveCfg = Debug|Any CPU
		{1DDAAA55-9457-403A-A8CE-5BC00AD4E27A}.Debug|Any CPU.Build.0 = Debug|Any CPU
		{1DDAAA55-9457-403A-A8CE-5BC00AD4E27A}.Release|Any CPU.ActiveCfg = Release|Any CPU
		{1DDAAA55-9457-403A-A8CE-5BC00AD4E27A}.Release|Any CPU.Build.0 = Release|Any CPU
		{58E51166-0FB8-435B-AC0B-C50D8D35C67E}.Debug|Any CPU.ActiveCfg = Debug|Any CPU
		{58E51166-0FB8-435B-AC0B-C50D8D35C67E}.Debug|Any CPU.Build.0 = Debug|Any CPU
		{58E51166-0FB8-435B-AC0B-C50D8D35C67E}.Release|Any CPU.ActiveCfg = Release|Any CPU
		{58E51166-0FB8-435B-AC0B-C50D8D35C67E}.Release|Any CPU.Build.0 = Release|Any CPU
		{56A8C758-DF6E-491A-AC6D-04B65BC40BCC}.Debug|Any CPU.ActiveCfg = Debug|Any CPU
		{56A8C758-DF6E-491A-AC6D-04B65BC40BCC}.Debug|Any CPU.Build.0 = Debug|Any CPU
		{56A8C758-DF6E-491A-AC6D-04B65BC40BCC}.Release|Any CPU.ActiveCfg = Release|Any CPU
		{56A8C758-DF6E-491A-AC6D-04B65BC40BCC}.Release|Any CPU.Build.0 = Release|Any CPU
		{85777C50-0670-4D2B-8230-271B2EBF2200}.Debug|Any CPU.ActiveCfg = Debug|Any CPU
		{85777C50-0670-4D2B-8230-271B2EBF2200}.Debug|Any CPU.Build.0 = Debug|Any CPU
		{85777C50-0670-4D2B-8230-271B2EBF2200}.Release|Any CPU.ActiveCfg = Release|Any CPU
		{85777C50-0670-4D2B-8230-271B2EBF2200}.Release|Any CPU.Build.0 = Release|Any CPU
		{C40748D7-6E13-4A3A-B580-9F4DED1E205B}.Debug|Any CPU.ActiveCfg = Debug|Any CPU
		{C40748D7-6E13-4A3A-B580-9F4DED1E205B}.Debug|Any CPU.Build.0 = Debug|Any CPU
		{C40748D7-6E13-4A3A-B580-9F4DED1E205B}.Release|Any CPU.ActiveCfg = Release|Any CPU
		{C40748D7-6E13-4A3A-B580-9F4DED1E205B}.Release|Any CPU.Build.0 = Release|Any CPU
		{8BAFA9B0-6446-4C78-86CD-E469175071A0}.Debug|Any CPU.ActiveCfg = Debug|Any CPU
		{8BAFA9B0-6446-4C78-86CD-E469175071A0}.Debug|Any CPU.Build.0 = Debug|Any CPU
		{8BAFA9B0-6446-4C78-86CD-E469175071A0}.Release|Any CPU.ActiveCfg = Release|Any CPU
		{8BAFA9B0-6446-4C78-86CD-E469175071A0}.Release|Any CPU.Build.0 = Release|Any CPU
		{3919E348-04BA-4296-ADD8-250800EA3298}.Debug|Any CPU.ActiveCfg = Debug|Any CPU
		{3919E348-04BA-4296-ADD8-250800EA3298}.Debug|Any CPU.Build.0 = Debug|Any CPU
		{3919E348-04BA-4296-ADD8-250800EA3298}.Release|Any CPU.ActiveCfg = Release|Any CPU
		{3919E348-04BA-4296-ADD8-250800EA3298}.Release|Any CPU.Build.0 = Release|Any CPU
		{ED9CAC4F-1131-4D8B-A2B2-287D1554D04A}.Debug|Any CPU.ActiveCfg = Debug|Any CPU
		{ED9CAC4F-1131-4D8B-A2B2-287D1554D04A}.Debug|Any CPU.Build.0 = Debug|Any CPU
		{ED9CAC4F-1131-4D8B-A2B2-287D1554D04A}.Release|Any CPU.ActiveCfg = Release|Any CPU
		{ED9CAC4F-1131-4D8B-A2B2-287D1554D04A}.Release|Any CPU.Build.0 = Release|Any CPU
		{C66CAABE-3FFA-49A2-9348-2FDE5640C535}.Debug|Any CPU.ActiveCfg = Debug|Any CPU
		{C66CAABE-3FFA-49A2-9348-2FDE5640C535}.Debug|Any CPU.Build.0 = Debug|Any CPU
		{C66CAABE-3FFA-49A2-9348-2FDE5640C535}.Release|Any CPU.ActiveCfg = Release|Any CPU
		{C66CAABE-3FFA-49A2-9348-2FDE5640C535}.Release|Any CPU.Build.0 = Release|Any CPU
		{F3D0100F-C15F-42EB-B1DB-A8B4DC496216}.Debug|Any CPU.ActiveCfg = Debug|Any CPU
		{F3D0100F-C15F-42EB-B1DB-A8B4DC496216}.Debug|Any CPU.Build.0 = Debug|Any CPU
		{F3D0100F-C15F-42EB-B1DB-A8B4DC496216}.Release|Any CPU.ActiveCfg = Release|Any CPU
		{F3D0100F-C15F-42EB-B1DB-A8B4DC496216}.Release|Any CPU.Build.0 = Release|Any CPU
		{281993E7-6CE3-42A5-B675-0EA41CAE4FD8}.Debug|Any CPU.ActiveCfg = Debug|Any CPU
		{281993E7-6CE3-42A5-B675-0EA41CAE4FD8}.Debug|Any CPU.Build.0 = Debug|Any CPU
		{281993E7-6CE3-42A5-B675-0EA41CAE4FD8}.Release|Any CPU.ActiveCfg = Release|Any CPU
		{281993E7-6CE3-42A5-B675-0EA41CAE4FD8}.Release|Any CPU.Build.0 = Release|Any CPU
		{5A553DD1-DDFC-4FDC-B7D8-B79849C1C2AD}.Debug|Any CPU.ActiveCfg = Debug|Any CPU
		{5A553DD1-DDFC-4FDC-B7D8-B79849C1C2AD}.Debug|Any CPU.Build.0 = Debug|Any CPU
		{5A553DD1-DDFC-4FDC-B7D8-B79849C1C2AD}.Release|Any CPU.ActiveCfg = Release|Any CPU
		{5A553DD1-DDFC-4FDC-B7D8-B79849C1C2AD}.Release|Any CPU.Build.0 = Release|Any CPU
		{58497156-A4F0-41F9-8C83-57985439FCC1}.Debug|Any CPU.ActiveCfg = Debug|Any CPU
		{58497156-A4F0-41F9-8C83-57985439FCC1}.Debug|Any CPU.Build.0 = Debug|Any CPU
		{58497156-A4F0-41F9-8C83-57985439FCC1}.Release|Any CPU.ActiveCfg = Release|Any CPU
		{58497156-A4F0-41F9-8C83-57985439FCC1}.Release|Any CPU.Build.0 = Release|Any CPU
		{E34A570F-AED0-49C4-9735-9A4CC2771A5E}.Debug|Any CPU.ActiveCfg = Debug|Any CPU
		{E34A570F-AED0-49C4-9735-9A4CC2771A5E}.Debug|Any CPU.Build.0 = Debug|Any CPU
		{E34A570F-AED0-49C4-9735-9A4CC2771A5E}.Release|Any CPU.ActiveCfg = Release|Any CPU
		{E34A570F-AED0-49C4-9735-9A4CC2771A5E}.Release|Any CPU.Build.0 = Release|Any CPU
		{0373C17C-FA3E-4DBA-81DE-3E412BC1C4F4}.Debug|Any CPU.ActiveCfg = Debug|Any CPU
		{0373C17C-FA3E-4DBA-81DE-3E412BC1C4F4}.Debug|Any CPU.Build.0 = Debug|Any CPU
		{0373C17C-FA3E-4DBA-81DE-3E412BC1C4F4}.Release|Any CPU.ActiveCfg = Release|Any CPU
		{0373C17C-FA3E-4DBA-81DE-3E412BC1C4F4}.Release|Any CPU.Build.0 = Release|Any CPU
		{099D1FA0-B64F-4B9B-A49D-92B44DA993B0}.Debug|Any CPU.ActiveCfg = Debug|Any CPU
		{099D1FA0-B64F-4B9B-A49D-92B44DA993B0}.Debug|Any CPU.Build.0 = Debug|Any CPU
		{099D1FA0-B64F-4B9B-A49D-92B44DA993B0}.Release|Any CPU.ActiveCfg = Release|Any CPU
		{099D1FA0-B64F-4B9B-A49D-92B44DA993B0}.Release|Any CPU.Build.0 = Release|Any CPU
		{82332D72-C474-488B-91A6-E3D5FDAEB00E}.Debug|Any CPU.ActiveCfg = Debug|Any CPU
		{82332D72-C474-488B-91A6-E3D5FDAEB00E}.Debug|Any CPU.Build.0 = Debug|Any CPU
		{82332D72-C474-488B-91A6-E3D5FDAEB00E}.Release|Any CPU.ActiveCfg = Release|Any CPU
		{82332D72-C474-488B-91A6-E3D5FDAEB00E}.Release|Any CPU.Build.0 = Release|Any CPU
	EndGlobalSection
	GlobalSection(SolutionProperties) = preSolution
		HideSolutionNode = FALSE
	EndGlobalSection
	GlobalSection(NestedProjects) = preSolution
		{832A7798-72D2-4182-ABE0-610339FFF1D1} = {3C4A2FE2-0BC7-4639-8A5F-2D0EA931A4FF}
		{D027272D-21BE-4DC6-B1B1-97E22E43C661} = {832A7798-72D2-4182-ABE0-610339FFF1D1}
		{3A597799-5F69-476E-AFBE-97C309D99B15} = {832A7798-72D2-4182-ABE0-610339FFF1D1}
		{2ECEAD1A-598B-47E0-BA56-FE35C15742EF} = {832A7798-72D2-4182-ABE0-610339FFF1D1}
		{A3450E09-B00D-4177-B0B7-A19108A6019C} = {832A7798-72D2-4182-ABE0-610339FFF1D1}
		{97FB0AE8-13CF-4209-A69E-4C48013BA6B8} = {3C4A2FE2-0BC7-4639-8A5F-2D0EA931A4FF}
		{8DB37F5C-9228-43E4-A5D8-F3F5CB9A2C2A} = {97FB0AE8-13CF-4209-A69E-4C48013BA6B8}
		{1D17E311-6641-4D17-9EAD-BD7847F1DBC7} = {6F1967F1-4542-4838-82CB-E64D3037BA1D}
		{E9D8E678-CE0F-4C27-8BF7-7E06F2A59D18} = {3C4A2FE2-0BC7-4639-8A5F-2D0EA931A4FF}
		{1ADF9823-E05A-49FE-BF5E-68E296AE9B20} = {E9D8E678-CE0F-4C27-8BF7-7E06F2A59D18}
		{1679D437-C084-42FE-9985-FDDF1AB609F2} = {E9D8E678-CE0F-4C27-8BF7-7E06F2A59D18}
		{196584CC-5EC9-47EF-B6D4-9E5A179E8044} = {E9D8E678-CE0F-4C27-8BF7-7E06F2A59D18}
		{1DDAAA55-9457-403A-A8CE-5BC00AD4E27A} = {E9D8E678-CE0F-4C27-8BF7-7E06F2A59D18}
		{867315F7-1128-41BC-9857-12E7BA006D29} = {3C4A2FE2-0BC7-4639-8A5F-2D0EA931A4FF}
		{58E51166-0FB8-435B-AC0B-C50D8D35C67E} = {867315F7-1128-41BC-9857-12E7BA006D29}
		{56A8C758-DF6E-491A-AC6D-04B65BC40BCC} = {867315F7-1128-41BC-9857-12E7BA006D29}
		{85777C50-0670-4D2B-8230-271B2EBF2200} = {867315F7-1128-41BC-9857-12E7BA006D29}
		{C40748D7-6E13-4A3A-B580-9F4DED1E205B} = {867315F7-1128-41BC-9857-12E7BA006D29}
		{B2E48AC6-05B7-42F2-98DE-05346C5CA901} = {3C4A2FE2-0BC7-4639-8A5F-2D0EA931A4FF}
		{8BAFA9B0-6446-4C78-86CD-E469175071A0} = {B2E48AC6-05B7-42F2-98DE-05346C5CA901}
		{3919E348-04BA-4296-ADD8-250800EA3298} = {B2E48AC6-05B7-42F2-98DE-05346C5CA901}
		{ED9CAC4F-1131-4D8B-A2B2-287D1554D04A} = {B2E48AC6-05B7-42F2-98DE-05346C5CA901}
		{C66CAABE-3FFA-49A2-9348-2FDE5640C535} = {B2E48AC6-05B7-42F2-98DE-05346C5CA901}
		{F3D0100F-C15F-42EB-B1DB-A8B4DC496216} = {A6B0A5BA-C281-475C-9FC6-0CDD89D066C5}
		{A6B0A5BA-C281-475C-9FC6-0CDD89D066C5} = {3C4A2FE2-0BC7-4639-8A5F-2D0EA931A4FF}
		{281993E7-6CE3-42A5-B675-0EA41CAE4FD8} = {A6B0A5BA-C281-475C-9FC6-0CDD89D066C5}
		{5A553DD1-DDFC-4FDC-B7D8-B79849C1C2AD} = {A6B0A5BA-C281-475C-9FC6-0CDD89D066C5}
		{58497156-A4F0-41F9-8C83-57985439FCC1} = {A6B0A5BA-C281-475C-9FC6-0CDD89D066C5}
		{7ACB48CD-A30E-4D16-8065-AC6B8218B7D1} = {3C4A2FE2-0BC7-4639-8A5F-2D0EA931A4FF}
		{E34A570F-AED0-49C4-9735-9A4CC2771A5E} = {7ACB48CD-A30E-4D16-8065-AC6B8218B7D1}
		{0373C17C-FA3E-4DBA-81DE-3E412BC1C4F4} = {7ACB48CD-A30E-4D16-8065-AC6B8218B7D1}
		{099D1FA0-B64F-4B9B-A49D-92B44DA993B0} = {7ACB48CD-A30E-4D16-8065-AC6B8218B7D1}
		{82332D72-C474-488B-91A6-E3D5FDAEB00E} = {7ACB48CD-A30E-4D16-8065-AC6B8218B7D1}
	EndGlobalSection
	GlobalSection(ExtensibilityGlobals) = postSolution
		SolutionGuid = {65DEBDD1-01DE-4A5D-AD6A-F05111BF0E75}
	EndGlobalSection
EndGlobal
